
Microsoft Visual Studio Solution File, Format Version 12.00
# Visual Studio 2012
Project("{FAE04EC0-301F-11D3-BF4B-00C04F79EFBC}") = "MiniProject.WebServices", "MiniProject.WebServices\MiniProject.WebServices.csproj", "{680E5B01-1893-4FF7-9291-343DB081BC0C}"
EndProject
Global
	GlobalSection(SolutionConfigurationPlatforms) = preSolution
		Debug|Any CPU = Debug|Any CPU
		Release|Any CPU = Release|Any CPU
	EndGlobalSection
	GlobalSection(ProjectConfigurationPlatforms) = postSolution
		{680E5B01-1893-4FF7-9291-343DB081BC0C}.Debug|Any CPU.ActiveCfg = Debug|Any CPU
		{680E5B01-1893-4FF7-9291-343DB081BC0C}.Debug|Any CPU.Build.0 = Debug|Any CPU
		{680E5B01-1893-4FF7-9291-343DB081BC0C}.Release|Any CPU.ActiveCfg = Release|Any CPU
		{680E5B01-1893-4FF7-9291-343DB081BC0C}.Release|Any CPU.Build.0 = Release|Any CPU
	EndGlobalSection
	GlobalSection(SolutionProperties) = preSolution
		HideSolutionNode = FALSE
	EndGlobalSection
EndGlobal
